
Microsoft Visual Studio Solution File, Format Version 12.00
# Visual Studio 15
VisualStudioVersion = 15.0.28307.645
MinimumVisualStudioVersion = 10.0.40219.1
Project("{FAE04EC0-301F-11D3-BF4B-00C04F79EFBC}") = "ClassLibraryNetCatch", "ClassLibraryNetCatch\ClassLibraryNetCatch.csproj", "{89729899-A503-4469-BAB1-8577F9A9D2D4}"
EndProject
Project("{FAE04EC0-301F-11D3-BF4B-00C04F79EFBC}") = "UnitTest", "UnitTest\UnitTest.csproj", "{A9FF7F8F-E96B-4F67-BBE3-D9974F9D2429}"
EndProject
Global
	GlobalSection(SolutionConfigurationPlatforms) = preSolution
		Debug|Any CPU = Debug|Any CPU
		Release|Any CPU = Release|Any CPU
	EndGlobalSection
	GlobalSection(ProjectConfigurationPlatforms) = postSolution
		{89729899-A503-4469-BAB1-8577F9A9D2D4}.Debug|Any CPU.ActiveCfg = Debug|Any CPU
		{89729899-A503-4469-BAB1-8577F9A9D2D4}.Debug|Any CPU.Build.0 = Debug|Any CPU
		{89729899-A503-4469-BAB1-8577F9A9D2D4}.Release|Any CPU.ActiveCfg = Release|Any CPU
		{89729899-A503-4469-BAB1-8577F9A9D2D4}.Release|Any CPU.Build.0 = Release|Any CPU
		{A9FF7F8F-E96B-4F67-BBE3-D9974F9D2429}.Debug|Any CPU.ActiveCfg = Debug|Any CPU
		{A9FF7F8F-E96B-4F67-BBE3-D9974F9D2429}.Debug|Any CPU.Build.0 = Debug|Any CPU
		{A9FF7F8F-E96B-4F67-BBE3-D9974F9D2429}.Release|Any CPU.ActiveCfg = Release|Any CPU
		{A9FF7F8F-E96B-4F67-BBE3-D9974F9D2429}.Release|Any CPU.Build.0 = Release|Any CPU
	EndGlobalSection
	GlobalSection(SolutionProperties) = preSolution
		HideSolutionNode = FALSE
	EndGlobalSection
	GlobalSection(ExtensibilityGlobals) = postSolution
		SolutionGuid = {1CC9DD75-89F8-439E-9AF7-1BE0F17AFFE0}
	EndGlobalSection
EndGlobal
